
Microsoft Visual Studio Solution File, Format Version 12.00
# Visual Studio Version 16
VisualStudioVersion = 16.0.29728.190
MinimumVisualStudioVersion = 10.0.40219.1
Project("{FAE04EC0-301F-11D3-BF4B-00C04F79EFBC}") = "TmdbEasy-old", "src-old\TmdbEasy-old.csproj", "{A2C67861-1839-4BE1-8674-1E8DA564E5A9}"
EndProject
Project("{FAE04EC0-301F-11D3-BF4B-00C04F79EFBC}") = "TmdbEasy-old.Tests", "tests\TmdbEasy-old.Tests.csproj", "{B137D72D-9557-4D8F-A25E-27890483F885}"
EndProject
Project("{FAE04EC0-301F-11D3-BF4B-00C04F79EFBC}") = "TmdbEasy", "src\TmdbEasy\TmdbEasy.csproj", "{1EA74703-7EAD-4702-BEBA-4C6C47401C42}"
EndProject
Project("{FAE04EC0-301F-11D3-BF4B-00C04F79EFBC}") = "TmdbEasy.Tests", "test\TmdbEasy.Tests\TmdbEasy.Tests.csproj", "{9049EBA4-B7A4-434D-AB28-A50C1225B4C8}"
EndProject
Global
	GlobalSection(SolutionConfigurationPlatforms) = preSolution
		Debug|Any CPU = Debug|Any CPU
		Release|Any CPU = Release|Any CPU
	EndGlobalSection
	GlobalSection(ProjectConfigurationPlatforms) = postSolution
		{A2C67861-1839-4BE1-8674-1E8DA564E5A9}.Debug|Any CPU.ActiveCfg = Debug|Any CPU
		{A2C67861-1839-4BE1-8674-1E8DA564E5A9}.Debug|Any CPU.Build.0 = Debug|Any CPU
		{A2C67861-1839-4BE1-8674-1E8DA564E5A9}.Release|Any CPU.ActiveCfg = Release|Any CPU
		{A2C67861-1839-4BE1-8674-1E8DA564E5A9}.Release|Any CPU.Build.0 = Release|Any CPU
		{B137D72D-9557-4D8F-A25E-27890483F885}.Debug|Any CPU.ActiveCfg = Debug|Any CPU
		{B137D72D-9557-4D8F-A25E-27890483F885}.Debug|Any CPU.Build.0 = Debug|Any CPU
		{B137D72D-9557-4D8F-A25E-27890483F885}.Release|Any CPU.ActiveCfg = Release|Any CPU
		{B137D72D-9557-4D8F-A25E-27890483F885}.Release|Any CPU.Build.0 = Release|Any CPU
		{1EA74703-7EAD-4702-BEBA-4C6C47401C42}.Debug|Any CPU.ActiveCfg = Debug|Any CPU
		{1EA74703-7EAD-4702-BEBA-4C6C47401C42}.Debug|Any CPU.Build.0 = Debug|Any CPU
		{1EA74703-7EAD-4702-BEBA-4C6C47401C42}.Release|Any CPU.ActiveCfg = Release|Any CPU
		{1EA74703-7EAD-4702-BEBA-4C6C47401C42}.Release|Any CPU.Build.0 = Release|Any CPU
		{9049EBA4-B7A4-434D-AB28-A50C1225B4C8}.Debug|Any CPU.ActiveCfg = Debug|Any CPU
		{9049EBA4-B7A4-434D-AB28-A50C1225B4C8}.Debug|Any CPU.Build.0 = Debug|Any CPU
		{9049EBA4-B7A4-434D-AB28-A50C1225B4C8}.Release|Any CPU.ActiveCfg = Release|Any CPU
		{9049EBA4-B7A4-434D-AB28-A50C1225B4C8}.Release|Any CPU.Build.0 = Release|Any CPU
	EndGlobalSection
	GlobalSection(SolutionProperties) = preSolution
		HideSolutionNode = FALSE
	EndGlobalSection
	GlobalSection(ExtensibilityGlobals) = postSolution
		SolutionGuid = {3359E8F6-50FF-494F-8092-4AA1303DA2DF}
	EndGlobalSection
EndGlobal
